
Microsoft Visual Studio Solution File, Format Version 12.00
# Visual Studio Version 17
VisualStudioVersion = 17.0.31903.59
MinimumVisualStudioVersion = 10.0.40219.1
Project("{2150E333-8FDC-42A3-9474-1A3956D46DE8}") = "src", "src", "{D6B46F8F-7710-4F70-AD69-8714A16CE57E}"
EndProject
Project("{FAE04EC0-301F-11D3-BF4B-00C04F79EFBC}") = "BlazorSaas.Components", "src\BlazorSaas.Components\BlazorSaas.Components.csproj", "{AC964795-A7D7-4D6D-B8A9-5E5E46CA0E24}"
EndProject
Global
	GlobalSection(SolutionConfigurationPlatforms) = preSolution
		Debug|Any CPU = Debug|Any CPU
		Release|Any CPU = Release|Any CPU
	EndGlobalSection
	GlobalSection(SolutionProperties) = preSolution
		HideSolutionNode = FALSE
	EndGlobalSection
	GlobalSection(ProjectConfigurationPlatforms) = postSolution
		{AC964795-A7D7-4D6D-B8A9-5E5E46CA0E24}.Debug|Any CPU.ActiveCfg = Debug|Any CPU
		{AC964795-A7D7-4D6D-B8A9-5E5E46CA0E24}.Debug|Any CPU.Build.0 = Debug|Any CPU
		{AC964795-A7D7-4D6D-B8A9-5E5E46CA0E24}.Release|Any CPU.ActiveCfg = Release|Any CPU
		{AC964795-A7D7-4D6D-B8A9-5E5E46CA0E24}.Release|Any CPU.Build.0 = Release|Any CPU
	EndGlobalSection
	GlobalSection(NestedProjects) = preSolution
		{AC964795-A7D7-4D6D-B8A9-5E5E46CA0E24} = {D6B46F8F-7710-4F70-AD69-8714A16CE57E}
	EndGlobalSection
EndGlobal
